
Microsoft Visual Studio Solution File, Format Version 12.00
# Visual Studio 14
VisualStudioVersion = 14.0.24720.0
MinimumVisualStudioVersion = 10.0.40219.1
Project("{FAE04EC0-301F-11D3-BF4B-00C04F79EFBC}") = "Bit Shift Operations", "Bit Shift Operations\Bit Shift Operations.csproj", "{6AFA2AF5-6F23-4F5E-A005-B7EE3FAE3777}"
EndProject
Global
	GlobalSection(SolutionConfigurationPlatforms) = preSolution
		Debug|Any CPU = Debug|Any CPU
		Release|Any CPU = Release|Any CPU
	EndGlobalSection
	GlobalSection(ProjectConfigurationPlatforms) = postSolution
		{6AFA2AF5-6F23-4F5E-A005-B7EE3FAE3777}.Debug|Any CPU.ActiveCfg = Debug|Any CPU
		{6AFA2AF5-6F23-4F5E-A005-B7EE3FAE3777}.Debug|Any CPU.Build.0 = Debug|Any CPU
		{6AFA2AF5-6F23-4F5E-A005-B7EE3FAE3777}.Release|Any CPU.ActiveCfg = Release|Any CPU
		{6AFA2AF5-6F23-4F5E-A005-B7EE3FAE3777}.Release|Any CPU.Build.0 = Release|Any CPU
	EndGlobalSection
	GlobalSection(SolutionProperties) = preSolution
		HideSolutionNode = FALSE
	EndGlobalSection
EndGlobal
